# THIS IS AN AUTOGENERATED FILE. DO NOT EDIT THIS FILE DIRECTLY.
# yarn lockfile v1


es6-promise@^4.1.1:
  version "4.2.2"
  resolved "https://registry.yarnpkg.com/es6-promise/-/es6-promise-4.2.2.tgz#f722d7769af88bd33bc13ec6605e1f92966b82d9"

rocket-button@^6.2.1:
  version "6.2.1"
  resolved "https://registry.yarnpkg.com/rocket-button/-/rocket-button-6.2.1.tgz#b3f696f86874ff9cb3e9b32f9a9bb983b7468825"
  dependencies:
    rocket-propel "^3.1.1"
    rocket-tools "^1.16.0"

rocket-propel@^3.1.1:
  version "3.1.1"
  resolved "https://registry.yarnpkg.com/rocket-propel/-/rocket-propel-3.1.1.tgz#0da64af37fcf3d5d6f62f04b149eed481f713f8c"

rocket-tools@^1.16.0:
  version "1.16.3"
  resolved "https://registry.yarnpkg.com/rocket-tools/-/rocket-tools-1.16.3.tgz#4f78737c9a2203c339b8663a01dafba7d46e0895"
  dependencies:
    es6-promise "^4.1.1"

system-font-css@^2.0.1:
  version "2.0.1"
  resolved "https://registry.yarnpkg.com/system-font-css/-/system-font-css-2.0.1.tgz#5e16978f490a96b5be0bae5060193457eaf7d0b4"
