# THIS IS AN AUTOGENERATED FILE. DO NOT EDIT THIS FILE DIRECTLY.
# yarn lockfile v1


es6-promise@^4.1.1:
  version "4.2.2"
  resolved "https://registry.yarnpkg.com/es6-promise/-/es6-promise-4.2.2.tgz#f722d7769af88bd33bc13ec6605e1f92966b82d9"

"rocket-button@https://github.com/marnen/Rocket-Button.git#apply-text-color-to-all-states":
  version "6.2.0"
  resolved "https://github.com/marnen/Rocket-Button.git#26ee885b72335c8f660e8fa51489e89438e96b9c"
  dependencies:
    rocket-propel "^3.1.1"
    rocket-tools "^1.16.0"

rocket-propel@^3.1.1:
  version "3.1.1"
  resolved "https://registry.yarnpkg.com/rocket-propel/-/rocket-propel-3.1.1.tgz#0da64af37fcf3d5d6f62f04b149eed481f713f8c"

rocket-tools@^1.16.0:
  version "1.16.3"
  resolved "https://registry.yarnpkg.com/rocket-tools/-/rocket-tools-1.16.3.tgz#4f78737c9a2203c339b8663a01dafba7d46e0895"
  dependencies:
    es6-promise "^4.1.1"
